
Microsoft Visual Studio Solution File, Format Version 12.00
# Visual Studio Version 16
VisualStudioVersion = 16.0.33027.164
MinimumVisualStudioVersion = 10.0.40219.1
Project("{FAE04EC0-301F-11D3-BF4B-00C04F79EFBC}") = "BeshBiltExam", "BeshBiltExam\BeshBiltExam.csproj", "{67EBE6C4-3E1F-4DAA-86C2-B31F2C0B4501}"
EndProject
Global
	GlobalSection(SolutionConfigurationPlatforms) = preSolution
		Debug|Any CPU = Debug|Any CPU
		Release|Any CPU = Release|Any CPU
	EndGlobalSection
	GlobalSection(ProjectConfigurationPlatforms) = postSolution
		{67EBE6C4-3E1F-4DAA-86C2-B31F2C0B4501}.Debug|Any CPU.ActiveCfg = Debug|Any CPU
		{67EBE6C4-3E1F-4DAA-86C2-B31F2C0B4501}.Debug|Any CPU.Build.0 = Debug|Any CPU
		{67EBE6C4-3E1F-4DAA-86C2-B31F2C0B4501}.Release|Any CPU.ActiveCfg = Release|Any CPU
		{67EBE6C4-3E1F-4DAA-86C2-B31F2C0B4501}.Release|Any CPU.Build.0 = Release|Any CPU
	EndGlobalSection
	GlobalSection(SolutionProperties) = preSolution
		HideSolutionNode = FALSE
	EndGlobalSection
	GlobalSection(ExtensibilityGlobals) = postSolution
		SolutionGuid = {A64947B5-3BC2-45BA-9CF6-B53844A6B64A}
	EndGlobalSection
EndGlobal
